{
  "name": "obsidianautomations",
  "lockfileVersion": 3,
  "requires": true,
  "packages": {
    "": {
      "name": "obsidianautomations",
      "dependencies": {
        "ical-expander": "^3.1.0"
      }
    },
    "node_modules/ical-expander": {
      "version": "3.2.0",
      "resolved": "https://registry.npmjs.org/ical-expander/-/ical-expander-3.2.0.tgz",
      "integrity": "sha512-QhU7l1X7rcbVVekpIHy7Vm7dvFcMl+PoNPhn13oB3RK3YjdZo3+uT/yx9OJopo0anX5cEGUyzsWRvagZk8gOSw==",
      "license": "MIT",
      "dependencies": {
        "ical.js": "^1.2.2"
      },
      "engines": {
        "node": ">=4"
      }
    },
    "node_modules/ical.js": {
      "version": "1.5.0",
      "resolved": "https://registry.npmjs.org/ical.js/-/ical.js-1.5.0.tgz",
      "integrity": "sha512-7ZxMkogUkkaCx810yp0ZGKvq1ZpRgJeornPttpoxe6nYZ3NLesZe1wWMXDdwTkj/b5NtXT+Y16Aakph/ao98ZQ==",
      "license": "MPL-2.0"
    }
  }
}
